# This file is generated by running "yarn install" inside your project.
# Manual changes might be lost - proceed with caution!

__metadata:
  version: 6
  cacheKey: 8

"@aws-crypto/crc32@npm:3.0.0":
  version: 3.0.0
  resolution: "@aws-crypto/crc32@npm:3.0.0"
  dependencies:
    "@aws-crypto/util": ^3.0.0
    "@aws-sdk/types": ^3.222.0
    tslib: ^1.11.1
  checksum: 9fdb3e837fc54119b017ea34fd0a6d71d2c88075d99e1e818a5158e0ad30ced67ddbcc423a11ceeef6cc465ab5ffd91830acab516470b48237ca7abd51be9642
  languageName: node
  linkType: hard

"@aws-crypto/ie11-detection@npm:^3.0.0":
  version: 3.0.0
  resolution: "@aws-crypto/ie11-detection@npm:3.0.0"
  dependencies:
    tslib: ^1.11.1
  checksum: 299b2ddd46eddac1f2d54d91386ceb37af81aef8a800669281c73d634ed17fd855dcfb8b3157f2879344b93a2666a6d602550eb84b71e4d7868100ad6da8f803
  languageName: node
  linkType: hard

"@aws-crypto/sha256-browser@npm:3.0.0":
  version: 3.0.0
  resolution: "@aws-crypto/sha256-browser@npm:3.0.0"
  dependencies:
    "@aws-crypto/ie11-detection": ^3.0.0
    "@aws-crypto/sha256-js": ^3.0.0
    "@aws-crypto/supports-web-crypto": ^3.0.0
    "@aws-crypto/util": ^3.0.0
    "@aws-sdk/types": ^3.222.0
    "@aws-sdk/util-locate-window": ^3.0.0
    "@aws-sdk/util-utf8-browser": ^3.0.0
    tslib: ^1.11.1
  checksum: ca89456bf508db2e08060a7f656460db97ac9a15b11e39d6fa7665e2b156508a1758695bff8e82d0a00178d6ac5c36f35eb4bcfac2e48621265224ca14a19bd2
  languageName: node
  linkType: hard

"@aws-crypto/sha256-js@npm:3.0.0, @aws-crypto/sha256-js@npm:^3.0.0":
  version: 3.0.0
  resolution: "@aws-crypto/sha256-js@npm:3.0.0"
  dependencies:
    "@aws-crypto/util": ^3.0.0
    "@aws-sdk/types": ^3.222.0
    tslib: ^1.11.1
  checksum: 644ded32ea310237811afae873d3c7320739cb6f6cc39dced9c94801379e68e5ee2cca0c34f0384793fa9e750a7e0a5e2468f95754bd08e6fd72ab833c8fe23c
  languageName: node
  linkType: hard

"@aws-crypto/supports-web-crypto@npm:^3.0.0":
  version: 3.0.0
  resolution: "@aws-crypto/supports-web-crypto@npm:3.0.0"
  dependencies:
    tslib: ^1.11.1
  checksum: 35479a1558db9e9a521df6877a99f95670e972c602f2a0349303477e5d638a5baf569fb037c853710e382086e6fd77e8ed58d3fb9b49f6e1186a9d26ce7be006
  languageName: node
  linkType: hard

"@aws-crypto/util@npm:^3.0.0":
  version: 3.0.0
  resolution: "@aws-crypto/util@npm:3.0.0"
  dependencies:
    "@aws-sdk/types": ^3.222.0
    "@aws-sdk/util-utf8-browser": ^3.0.0
    tslib: ^1.11.1
  checksum: d29d5545048721aae3d60b236708535059733019a105f8a64b4e4a8eab7cf8dde1546dc56bff7de20d36140a4d1f0f4693e639c5732a7059273a7b1e56354776
  languageName: node
  linkType: hard

"@aws-sdk/client-dynamodb@npm:^3.460.0":
  version: 3.460.0
  resolution: "@aws-sdk/client-dynamodb@npm:3.460.0"
  dependencies:
    "@aws-crypto/sha256-browser": 3.0.0
    "@aws-crypto/sha256-js": 3.0.0
    "@aws-sdk/client-sts": 3.460.0
    "@aws-sdk/core": 3.451.0
    "@aws-sdk/credential-provider-node": 3.460.0
    "@aws-sdk/middleware-endpoint-discovery": 3.460.0
    "@aws-sdk/middleware-host-header": 3.460.0
    "@aws-sdk/middleware-logger": 3.460.0
    "@aws-sdk/middleware-recursion-detection": 3.460.0
    "@aws-sdk/middleware-signing": 3.460.0
    "@aws-sdk/middleware-user-agent": 3.460.0
    "@aws-sdk/region-config-resolver": 3.451.0
    "@aws-sdk/types": 3.460.0
    "@aws-sdk/util-endpoints": 3.460.0
    "@aws-sdk/util-user-agent-browser": 3.460.0
    "@aws-sdk/util-user-agent-node": 3.460.0
    "@smithy/config-resolver": ^2.0.18
    "@smithy/fetch-http-handler": ^2.2.6
    "@smithy/hash-node": ^2.0.15
    "@smithy/invalid-dependency": ^2.0.13
    "@smithy/middleware-content-length": ^2.0.15
    "@smithy/middleware-endpoint": ^2.2.0
    "@smithy/middleware-retry": ^2.0.20
    "@smithy/middleware-serde": ^2.0.13
    "@smithy/middleware-stack": ^2.0.7
    "@smithy/node-config-provider": ^2.1.5
    "@smithy/node-http-handler": ^2.1.9
    "@smithy/protocol-http": ^3.0.9
    "@smithy/smithy-client": ^2.1.15
    "@smithy/types": ^2.5.0
    "@smithy/url-parser": ^2.0.13
    "@smithy/util-base64": ^2.0.1
    "@smithy/util-body-length-browser": ^2.0.0
    "@smithy/util-body-length-node": ^2.1.0
    "@smithy/util-defaults-mode-browser": ^2.0.19
    "@smithy/util-defaults-mode-node": ^2.0.25
    "@smithy/util-endpoints": ^1.0.4
    "@smithy/util-retry": ^2.0.6
    "@smithy/util-utf8": ^2.0.2
    "@smithy/util-waiter": ^2.0.13
    tslib: ^2.5.0
    uuid: ^8.3.2
  checksum: 74b3671d3a50678e311f679ebf8eb677173de50eca69c3cf68f04547dd97a61357b6306465f214f7c9e6c060889f5572aed309b1e1478a0f29d750db2403d89f
  languageName: node
  linkType: hard

"@aws-sdk/client-sso@npm:3.460.0":
  version: 3.460.0
  resolution: "@aws-sdk/client-sso@npm:3.460.0"
  dependencies:
    "@aws-crypto/sha256-browser": 3.0.0
    "@aws-crypto/sha256-js": 3.0.0
    "@aws-sdk/core": 3.451.0
    "@aws-sdk/middleware-host-header": 3.460.0
    "@aws-sdk/middleware-logger": 3.460.0
    "@aws-sdk/middleware-recursion-detection": 3.460.0
    "@aws-sdk/middleware-user-agent": 3.460.0
    "@aws-sdk/region-config-resolver": 3.451.0
    "@aws-sdk/types": 3.460.0
    "@aws-sdk/util-endpoints": 3.460.0
    "@aws-sdk/util-user-agent-browser": 3.460.0
    "@aws-sdk/util-user-agent-node": 3.460.0
    "@smithy/config-resolver": ^2.0.18
    "@smithy/fetch-http-handler": ^2.2.6
    "@smithy/hash-node": ^2.0.15
    "@smithy/invalid-dependency": ^2.0.13
    "@smithy/middleware-content-length": ^2.0.15
    "@smithy/middleware-endpoint": ^2.2.0
    "@smithy/middleware-retry": ^2.0.20
    "@smithy/middleware-serde": ^2.0.13
    "@smithy/middleware-stack": ^2.0.7
    "@smithy/node-config-provider": ^2.1.5
    "@smithy/node-http-handler": ^2.1.9
    "@smithy/protocol-http": ^3.0.9
    "@smithy/smithy-client": ^2.1.15
    "@smithy/types": ^2.5.0
    "@smithy/url-parser": ^2.0.13
    "@smithy/util-base64": ^2.0.1
    "@smithy/util-body-length-browser": ^2.0.0
    "@smithy/util-body-length-node": ^2.1.0
    "@smithy/util-defaults-mode-browser": ^2.0.19
    "@smithy/util-defaults-mode-node": ^2.0.25
    "@smithy/util-endpoints": ^1.0.4
    "@smithy/util-retry": ^2.0.6
    "@smithy/util-utf8": ^2.0.2
    tslib: ^2.5.0
  checksum: 902edb7c8ff29c68a6e179473b3a5431b73182d2492d2b9d69617717d9ef365aad9286ae33a57fc8c42206bea29da29e63d7a36c5969f5b6039e49e535f2d2f3
  languageName: node
  linkType: hard

"@aws-sdk/client-sts@npm:3.460.0":
  version: 3.460.0
  resolution: "@aws-sdk/client-sts@npm:3.460.0"
  dependencies:
    "@aws-crypto/sha256-browser": 3.0.0
    "@aws-crypto/sha256-js": 3.0.0
    "@aws-sdk/core": 3.451.0
    "@aws-sdk/credential-provider-node": 3.460.0
    "@aws-sdk/middleware-host-header": 3.460.0
    "@aws-sdk/middleware-logger": 3.460.0
    "@aws-sdk/middleware-recursion-detection": 3.460.0
    "@aws-sdk/middleware-sdk-sts": 3.460.0
    "@aws-sdk/middleware-signing": 3.460.0
    "@aws-sdk/middleware-user-agent": 3.460.0
    "@aws-sdk/region-config-resolver": 3.451.0
    "@aws-sdk/types": 3.460.0
    "@aws-sdk/util-endpoints": 3.460.0
    "@aws-sdk/util-user-agent-browser": 3.460.0
    "@aws-sdk/util-user-agent-node": 3.460.0
    "@smithy/config-resolver": ^2.0.18
    "@smithy/fetch-http-handler": ^2.2.6
    "@smithy/hash-node": ^2.0.15
    "@smithy/invalid-dependency": ^2.0.13
    "@smithy/middleware-content-length": ^2.0.15
    "@smithy/middleware-endpoint": ^2.2.0
    "@smithy/middleware-retry": ^2.0.20
    "@smithy/middleware-serde": ^2.0.13
    "@smithy/middleware-stack": ^2.0.7
    "@smithy/node-config-provider": ^2.1.5
    "@smithy/node-http-handler": ^2.1.9
    "@smithy/protocol-http": ^3.0.9
    "@smithy/smithy-client": ^2.1.15
    "@smithy/types": ^2.5.0
    "@smithy/url-parser": ^2.0.13
    "@smithy/util-base64": ^2.0.1
    "@smithy/util-body-length-browser": ^2.0.0
    "@smithy/util-body-length-node": ^2.1.0
    "@smithy/util-defaults-mode-browser": ^2.0.19
    "@smithy/util-defaults-mode-node": ^2.0.25
    "@smithy/util-endpoints": ^1.0.4
    "@smithy/util-retry": ^2.0.6
    "@smithy/util-utf8": ^2.0.2
    fast-xml-parser: 4.2.5
    tslib: ^2.5.0
  checksum: fb0e330a3d9b5862b57233fb7f2ca6243ab83732bf304e3d80e1e669a70ba70204aac72e06b9211b54bde68c0c867dcd9fbae3f51447761b978561228bba3a4d
  languageName: node
  linkType: hard

"@aws-sdk/core@npm:3.451.0":
  version: 3.451.0
  resolution: "@aws-sdk/core@npm:3.451.0"
  dependencies:
    "@smithy/smithy-client": ^2.1.15
    tslib: ^2.5.0
  checksum: 20e36a0280ba6848222099eb30d3a09683563edf8eca48746529c9c2ae89dd7ab5d6a01ab05cd21b4bdd4f16117d41dc89e07d4d71f0abbcf50dcc5e85ef992d
  languageName: node
  linkType: hard

"@aws-sdk/credential-provider-env@npm:3.460.0":
  version: 3.460.0
  resolution: "@aws-sdk/credential-provider-env@npm:3.460.0"
  dependencies:
    "@aws-sdk/types": 3.460.0
    "@smithy/property-provider": ^2.0.0
    "@smithy/types": ^2.5.0
    tslib: ^2.5.0
  checksum: a5b3bb0c9d9b05f9b55738b99db33bc894b6b1e30c1ec62b9124f5a3878b24f23b1f26d38fb0ade06bf12c0ea1c4a0d67d197e43f45bb4fd88bdb19249078e72
  languageName: node
  linkType: hard

"@aws-sdk/credential-provider-ini@npm:3.460.0":
  version: 3.460.0
  resolution: "@aws-sdk/credential-provider-ini@npm:3.460.0"
  dependencies:
    "@aws-sdk/credential-provider-env": 3.460.0
    "@aws-sdk/credential-provider-process": 3.460.0
    "@aws-sdk/credential-provider-sso": 3.460.0
    "@aws-sdk/credential-provider-web-identity": 3.460.0
    "@aws-sdk/types": 3.460.0
    "@smithy/credential-provider-imds": ^2.0.0
    "@smithy/property-provider": ^2.0.0
    "@smithy/shared-ini-file-loader": ^2.0.6
    "@smithy/types": ^2.5.0
    tslib: ^2.5.0
  checksum: dcb6d94dfaa98971188102ac277746b8226cba4d76d589b47dbd17af271cba52d97606863912699c123d9671ae2b32a92d05a2306b749c909ebeaf1f95a566fb
  languageName: node
  linkType: hard

"@aws-sdk/credential-provider-node@npm:3.460.0":
  version: 3.460.0
  resolution: "@aws-sdk/credential-provider-node@npm:3.460.0"
  dependencies:
    "@aws-sdk/credential-provider-env": 3.460.0
    "@aws-sdk/credential-provider-ini": 3.460.0
    "@aws-sdk/credential-provider-process": 3.460.0
    "@aws-sdk/credential-provider-sso": 3.460.0
    "@aws-sdk/credential-provider-web-identity": 3.460.0
    "@aws-sdk/types": 3.460.0
    "@smithy/credential-provider-imds": ^2.0.0
    "@smithy/property-provider": ^2.0.0
    "@smithy/shared-ini-file-loader": ^2.0.6
    "@smithy/types": ^2.5.0
    tslib: ^2.5.0
  checksum: e8ba989a219c75abfcdb9447622a933fd7c601bcbc41e535627d0bee514773c970dd86342baf23e0d241695c96d3e90d19bc028c598b87fdad6a025c16690bf5
  languageName: node
  linkType: hard

"@aws-sdk/credential-provider-process@npm:3.460.0":
  version: 3.460.0
  resolution: "@aws-sdk/credential-provider-process@npm:3.460.0"
  dependencies:
    "@aws-sdk/types": 3.460.0
    "@smithy/property-provider": ^2.0.0
    "@smithy/shared-ini-file-loader": ^2.0.6
    "@smithy/types": ^2.5.0
    tslib: ^2.5.0
  checksum: 67115399ef754dd46138ce086936f0bf680cc701ed12939a059c9fae7dda870829247e6f73c0f5e0d07353d151b77fe070ff50d5946cd21583b78dcbf25b2aab
  languageName: node
  linkType: hard

"@aws-sdk/credential-provider-sso@npm:3.460.0":
  version: 3.460.0
  resolution: "@aws-sdk/credential-provider-sso@npm:3.460.0"
  dependencies:
    "@aws-sdk/client-sso": 3.460.0
    "@aws-sdk/token-providers": 3.460.0
    "@aws-sdk/types": 3.460.0
    "@smithy/property-provider": ^2.0.0
    "@smithy/shared-ini-file-loader": ^2.0.6
    "@smithy/types": ^2.5.0
    tslib: ^2.5.0
  checksum: 5536ef6c8c5f2792e26f19e1d9a3a3503b5c38bc02da65372be805eb1ea69498a81759b3701fd9e0714c628a054d6a52de3d9b98430b23d8b1402f25760b3c54
  languageName: node
  linkType: hard

"@aws-sdk/credential-provider-web-identity@npm:3.460.0":
  version: 3.460.0
  resolution: "@aws-sdk/credential-provider-web-identity@npm:3.460.0"
  dependencies:
    "@aws-sdk/types": 3.460.0
    "@smithy/property-provider": ^2.0.0
    "@smithy/types": ^2.5.0
    tslib: ^2.5.0
  checksum: 76a069b1f0dce14234afed3bab3ed6c3d63f0fcfb7a2d63343d2b2c63526fb7c14de5e8943eafec451b89ff9899f5b0d327b36409bc4661165f5e429b495fc85
  languageName: node
  linkType: hard

"@aws-sdk/endpoint-cache@npm:3.310.0":
  version: 3.310.0
  resolution: "@aws-sdk/endpoint-cache@npm:3.310.0"
  dependencies:
    mnemonist: 0.38.3
    tslib: ^2.5.0
  checksum: b90a5cfb66fd34b54198d4c10083bbaf8208e55ca02f7e8b14a7de0b2ad5d9dbdd3b38cc50173e5a86d34885f9cffbbe3dcef234fccc98f07920fd5a7f66b773
  languageName: node
  linkType: hard

"@aws-sdk/middleware-endpoint-discovery@npm:3.460.0":
  version: 3.460.0
  resolution: "@aws-sdk/middleware-endpoint-discovery@npm:3.460.0"
  dependencies:
    "@aws-sdk/endpoint-cache": 3.310.0
    "@aws-sdk/types": 3.460.0
    "@smithy/node-config-provider": ^2.1.5
    "@smithy/protocol-http": ^3.0.9
    "@smithy/types": ^2.5.0
    tslib: ^2.5.0
  checksum: 221d542490f5aa1521a91c773424a5bd19e01e3df48d75fca529accf8e0c5bed325584e2904e40db5b89e61af63f69898dbddad609b37cd161724756aa6325ce
  languageName: node
  linkType: hard

"@aws-sdk/middleware-host-header@npm:3.460.0":
  version: 3.460.0
  resolution: "@aws-sdk/middleware-host-header@npm:3.460.0"
  dependencies:
    "@aws-sdk/types": 3.460.0
    "@smithy/protocol-http": ^3.0.9
    "@smithy/types": ^2.5.0
    tslib: ^2.5.0
  checksum: ff3f3bf367a6db742e4f3dc05a100e51f49eadbc19602b3f44ab97dad6002baa2e905d7575fe87a86dc32da4063395098e282336f7c56aad61cc04592d4fb61e
  languageName: node
  linkType: hard

"@aws-sdk/middleware-logger@npm:3.460.0":
  version: 3.460.0
  resolution: "@aws-sdk/middleware-logger@npm:3.460.0"
  dependencies:
    "@aws-sdk/types": 3.460.0
    "@smithy/types": ^2.5.0
    tslib: ^2.5.0
  checksum: 21b5835cb19d9dade6a1a07ac9566b8c0519cd5b1c632f36a707345292fbbfe6f5914bf0a37c7384ecdde469b01996cb42efe77dfa6f7b63ac7c131383001660
  languageName: node
  linkType: hard

"@aws-sdk/middleware-recursion-detection@npm:3.460.0":
  version: 3.460.0
  resolution: "@aws-sdk/middleware-recursion-detection@npm:3.460.0"
  dependencies:
    "@aws-sdk/types": 3.460.0
    "@smithy/protocol-http": ^3.0.9
    "@smithy/types": ^2.5.0
    tslib: ^2.5.0
  checksum: 45786cb548d8e5f823a911bc443f596ddf16db1bfd2a5e017fd4c6c098021ed2ba21e4b505df3a1839f5ffd9976f3a01b2743d02fbdaacfbc7fd94dd65fdc6da
  languageName: node
  linkType: hard

"@aws-sdk/middleware-sdk-sts@npm:3.460.0":
  version: 3.460.0
  resolution: "@aws-sdk/middleware-sdk-sts@npm:3.460.0"
  dependencies:
    "@aws-sdk/middleware-signing": 3.460.0
    "@aws-sdk/types": 3.460.0
    "@smithy/types": ^2.5.0
    tslib: ^2.5.0
  checksum: ec63e516951c3828ca306b5e13912f6f31ece8fcebb5fdb1346a16f40bd7e49f6a5cc8430f6fafb07b9042e1ddb504fb45a530bfb7756f98d7fc9546b27a2105
  languageName: node
  linkType: hard

"@aws-sdk/middleware-signing@npm:3.460.0":
  version: 3.460.0
  resolution: "@aws-sdk/middleware-signing@npm:3.460.0"
  dependencies:
    "@aws-sdk/types": 3.460.0
    "@smithy/property-provider": ^2.0.0
    "@smithy/protocol-http": ^3.0.9
    "@smithy/signature-v4": ^2.0.0
    "@smithy/types": ^2.5.0
    "@smithy/util-middleware": ^2.0.6
    tslib: ^2.5.0
  checksum: 1e142bdc6f8704e5ec731382846abb4c7201e1487895cf68f73256126658a8449a591ea98ad5ce4d4a1a5c44e0309704ca7e4ff01a69da8b680cb73e373193fb
  languageName: node
  linkType: hard

"@aws-sdk/middleware-user-agent@npm:3.460.0":
  version: 3.460.0
  resolution: "@aws-sdk/middleware-user-agent@npm:3.460.0"
  dependencies:
    "@aws-sdk/types": 3.460.0
    "@aws-sdk/util-endpoints": 3.460.0
    "@smithy/protocol-http": ^3.0.9
    "@smithy/types": ^2.5.0
    tslib: ^2.5.0
  checksum: a65daeece1071de6fe6e3ce3b9426905febda16906236f982bfc09b57d0e1837e1b47a7467b9b9f69fcf900938d29b030380a38fc76d4dde4147dca4b571f54c
  languageName: node
  linkType: hard

"@aws-sdk/region-config-resolver@npm:3.451.0":
  version: 3.451.0
  resolution: "@aws-sdk/region-config-resolver@npm:3.451.0"
  dependencies:
    "@smithy/node-config-provider": ^2.1.5
    "@smithy/types": ^2.5.0
    "@smithy/util-config-provider": ^2.0.0
    "@smithy/util-middleware": ^2.0.6
    tslib: ^2.5.0
  checksum: df1e324d873399ff022b29a0a7d03e840aadbb0a42fad0f7f1a11f041d5f37319ecefc58038d62eff998e627b07752c96ab5879b2a34ebd088e45fc9c7a12303
  languageName: node
  linkType: hard

"@aws-sdk/token-providers@npm:3.460.0":
  version: 3.460.0
  resolution: "@aws-sdk/token-providers@npm:3.460.0"
  dependencies:
    "@aws-crypto/sha256-browser": 3.0.0
    "@aws-crypto/sha256-js": 3.0.0
    "@aws-sdk/middleware-host-header": 3.460.0
    "@aws-sdk/middleware-logger": 3.460.0
    "@aws-sdk/middleware-recursion-detection": 3.460.0
    "@aws-sdk/middleware-user-agent": 3.460.0
    "@aws-sdk/region-config-resolver": 3.451.0
    "@aws-sdk/types": 3.460.0
    "@aws-sdk/util-endpoints": 3.460.0
    "@aws-sdk/util-user-agent-browser": 3.460.0
    "@aws-sdk/util-user-agent-node": 3.460.0
    "@smithy/config-resolver": ^2.0.18
    "@smithy/fetch-http-handler": ^2.2.6
    "@smithy/hash-node": ^2.0.15
    "@smithy/invalid-dependency": ^2.0.13
    "@smithy/middleware-content-length": ^2.0.15
    "@smithy/middleware-endpoint": ^2.2.0
    "@smithy/middleware-retry": ^2.0.20
    "@smithy/middleware-serde": ^2.0.13
    "@smithy/middleware-stack": ^2.0.7
    "@smithy/node-config-provider": ^2.1.5
    "@smithy/node-http-handler": ^2.1.9
    "@smithy/property-provider": ^2.0.0
    "@smithy/protocol-http": ^3.0.9
    "@smithy/shared-ini-file-loader": ^2.0.6
    "@smithy/smithy-client": ^2.1.15
    "@smithy/types": ^2.5.0
    "@smithy/url-parser": ^2.0.13
    "@smithy/util-base64": ^2.0.1
    "@smithy/util-body-length-browser": ^2.0.0
    "@smithy/util-body-length-node": ^2.1.0
    "@smithy/util-defaults-mode-browser": ^2.0.19
    "@smithy/util-defaults-mode-node": ^2.0.25
    "@smithy/util-endpoints": ^1.0.4
    "@smithy/util-retry": ^2.0.6
    "@smithy/util-utf8": ^2.0.2
    tslib: ^2.5.0
  checksum: f459533489ef191afae6a7bb5cf6676ec4685b382880e6058c8861a7e8f45931aa4c323dfac5f17c45f390fc6997250e3b7063eb58054eae1c7919e3b940cdb2
  languageName: node
  linkType: hard

"@aws-sdk/types@npm:3.460.0, @aws-sdk/types@npm:^3.222.0":
  version: 3.460.0
  resolution: "@aws-sdk/types@npm:3.460.0"
  dependencies:
    "@smithy/types": ^2.5.0
    tslib: ^2.5.0
  checksum: 6e3b367bebb2840a7e6efca2bbf74afeea4ce6df2a96095f1641bf0424838ae9fd12da6cbe669f4f58244963e61f38216f7f80709feb71a521d68fbb17b18f4c
  languageName: node
  linkType: hard

"@aws-sdk/util-dynamodb@npm:^3.460.0":
  version: 3.460.0
  resolution: "@aws-sdk/util-dynamodb@npm:3.460.0"
  dependencies:
    tslib: ^2.5.0
  peerDependencies:
    "@aws-sdk/client-dynamodb": ^3.0.0
  checksum: 049909f079a93ac1d292b28fae2588c74957e564f727a3393bf66711affa6ce62c5df1240938d5b00843b0b2b5dbfb67151a1e6bce55e3e9ffa1c2a6c60948c5
  languageName: node
  linkType: hard

"@aws-sdk/util-endpoints@npm:3.460.0":
  version: 3.460.0
  resolution: "@aws-sdk/util-endpoints@npm:3.460.0"
  dependencies:
    "@aws-sdk/types": 3.460.0
    "@smithy/util-endpoints": ^1.0.4
    tslib: ^2.5.0
  checksum: 4b0d3c4fe38a9c28b38ad4d575d600d1a29de7b829ac579a674f79b058473467dd0f31afbae03dd13c453fee48f3decb026259714051faf54161429a3b713124
  languageName: node
  linkType: hard

"@aws-sdk/util-locate-window@npm:^3.0.0":
  version: 3.310.0
  resolution: "@aws-sdk/util-locate-window@npm:3.310.0"
  dependencies:
    tslib: ^2.5.0
  checksum: d552ce5f0f836ecb13d7920ae650552c56706f26a5e8abf894ba471e18775a3791869bda95269153735bac9d211efc3ba78ea01c34428c3fed4318ac693a08bc
  languageName: node
  linkType: hard

"@aws-sdk/util-user-agent-browser@npm:3.460.0":
  version: 3.460.0
  resolution: "@aws-sdk/util-user-agent-browser@npm:3.460.0"
  dependencies:
    "@aws-sdk/types": 3.460.0
    "@smithy/types": ^2.5.0
    bowser: ^2.11.0
    tslib: ^2.5.0
  checksum: 6cdbf7c0159ce0d74964ac6c751fc256084c1388720cb4f70c1a2602762270fb2f04e8ff7dc187b2975248a965f1834adfd1bc74a2769bbde7722bbf04773764
  languageName: node
  linkType: hard

"@aws-sdk/util-user-agent-node@npm:3.460.0":
  version: 3.460.0
  resolution: "@aws-sdk/util-user-agent-node@npm:3.460.0"
  dependencies:
    "@aws-sdk/types": 3.460.0
    "@smithy/node-config-provider": ^2.1.5
    "@smithy/types": ^2.5.0
    tslib: ^2.5.0
  peerDependencies:
    aws-crt: ">=1.0.0"
  peerDependenciesMeta:
    aws-crt:
      optional: true
  checksum: 12eb5ae7e6fd0d60d188ae24f2eba746fdf9a612cc28d317c4a2762b0dc8ef4427ff82def11c964600f329edd6b14076bc6d4d8a65877ca0c42ebacfcb34c5f7
  languageName: node
  linkType: hard

"@aws-sdk/util-utf8-browser@npm:^3.0.0":
  version: 3.259.0
  resolution: "@aws-sdk/util-utf8-browser@npm:3.259.0"
  dependencies:
    tslib: ^2.3.1
  checksum: b6a1e580da1c9b62c749814182a7649a748ca4253edb4063aa521df97d25b76eae3359eb1680b86f71aac668e05cc05c514379bca39ebf4ba998ae4348412da8
  languageName: node
  linkType: hard

"@smithy/abort-controller@npm:^2.0.14":
  version: 2.0.14
  resolution: "@smithy/abort-controller@npm:2.0.14"
  dependencies:
    "@smithy/types": ^2.6.0
    tslib: ^2.5.0
  checksum: f89c7b0523fcb4df7dd7057d15a6deff9aa0b9ac5fe816a2f1331353d3874cf8d3e9b2280a1daa903c32be0fe280ef034a2222f6e62f733fc7dc40be3b1cbe38
  languageName: node
  linkType: hard

"@smithy/config-resolver@npm:^2.0.18, @smithy/config-resolver@npm:^2.0.19":
  version: 2.0.19
  resolution: "@smithy/config-resolver@npm:2.0.19"
  dependencies:
    "@smithy/node-config-provider": ^2.1.6
    "@smithy/types": ^2.6.0
    "@smithy/util-config-provider": ^2.0.0
    "@smithy/util-middleware": ^2.0.7
    tslib: ^2.5.0
  checksum: 004dc40bd0f3e7e211aa10ea2410955ff68b3fc1f31c7cdfe26d18631ed93865b91375af78aba27ad46a35b648e547f1a12172052a35a7536313be449cb2998d
  languageName: node
  linkType: hard

"@smithy/credential-provider-imds@npm:^2.0.0, @smithy/credential-provider-imds@npm:^2.1.2":
  version: 2.1.2
  resolution: "@smithy/credential-provider-imds@npm:2.1.2"
  dependencies:
    "@smithy/node-config-provider": ^2.1.6
    "@smithy/property-provider": ^2.0.15
    "@smithy/types": ^2.6.0
    "@smithy/url-parser": ^2.0.14
    tslib: ^2.5.0
  checksum: 2726fed3805c19580b200e279415e92bf082c6a3b7e46fc32e850fcd956cb45c12f684e5f9b338b4cbc56080e5964ed9451d4b0dbbcb8674253f4f231a2bf134
  languageName: node
  linkType: hard

"@smithy/eventstream-codec@npm:^2.0.14":
  version: 2.0.14
  resolution: "@smithy/eventstream-codec@npm:2.0.14"
  dependencies:
    "@aws-crypto/crc32": 3.0.0
    "@smithy/types": ^2.6.0
    "@smithy/util-hex-encoding": ^2.0.0
    tslib: ^2.5.0
  checksum: 6ae0c99f814e4ea5e919b6f9fd5c08a6a211b4b693a60decf2e58f0f4a1e49e8547d3754a8c0b6e9226fe19038e1e9d9d649b6d57431d80af70d0dac971cf2bf
  languageName: node
  linkType: hard

"@smithy/fetch-http-handler@npm:^2.2.6, @smithy/fetch-http-handler@npm:^2.2.7":
  version: 2.2.7
  resolution: "@smithy/fetch-http-handler@npm:2.2.7"
  dependencies:
    "@smithy/protocol-http": ^3.0.10
    "@smithy/querystring-builder": ^2.0.14
    "@smithy/types": ^2.6.0
    "@smithy/util-base64": ^2.0.1
    tslib: ^2.5.0
  checksum: 3685cb0472545c7bbc8afcfbf52ae77fc57814422c98dacdfa2f233469f62c141db2c5f52416e1fd99a7f4fdf77fcade0c75d50b5620f1f1534042f5cb4665e3
  languageName: node
  linkType: hard

"@smithy/hash-node@npm:^2.0.15":
  version: 2.0.16
  resolution: "@smithy/hash-node@npm:2.0.16"
  dependencies:
    "@smithy/types": ^2.6.0
    "@smithy/util-buffer-from": ^2.0.0
    "@smithy/util-utf8": ^2.0.2
    tslib: ^2.5.0
  checksum: a531febb8ea37d05ee69ecb00ca5d145b6274a862913e0d6802a3c504152c3ff94ed337c4e346171c760392276ea8d952c1963fa670167e92b84bd01376c8b99
  languageName: node
  linkType: hard

"@smithy/invalid-dependency@npm:^2.0.13":
  version: 2.0.14
  resolution: "@smithy/invalid-dependency@npm:2.0.14"
  dependencies:
    "@smithy/types": ^2.6.0
    tslib: ^2.5.0
  checksum: 859536b1dff18744d1461ed50c691f17a911f7f9b832e146e1e5700109052903eaec9e9fec49cfae4fc7fa595cf7834980de6a47a4e5065e027a68979c20bfd0
  languageName: node
  linkType: hard

"@smithy/is-array-buffer@npm:^2.0.0":
  version: 2.0.0
  resolution: "@smithy/is-array-buffer@npm:2.0.0"
  dependencies:
    tslib: ^2.5.0
  checksum: 6d101cf509a7818667f42d297894f88f86ef41d3cc9d02eae38bbe5e69b16edf83b8e67eb691964d859a16a4e39db1aad323d83f6ae55ae4512a14ff6406c02d
  languageName: node
  linkType: hard

"@smithy/middleware-content-length@npm:^2.0.15":
  version: 2.0.16
  resolution: "@smithy/middleware-content-length@npm:2.0.16"
  dependencies:
    "@smithy/protocol-http": ^3.0.10
    "@smithy/types": ^2.6.0
    tslib: ^2.5.0
  checksum: 6d64c9d7a5b327ddef997b5ad8035385331811596ff715f9f212b546999c4babb7296b4250d90082d8ba2a7608984dc5c0f9ca78258d13724fc94c6cb55b1a8b
  languageName: node
  linkType: hard

"@smithy/middleware-endpoint@npm:^2.2.0":
  version: 2.2.1
  resolution: "@smithy/middleware-endpoint@npm:2.2.1"
  dependencies:
    "@smithy/middleware-serde": ^2.0.14
    "@smithy/node-config-provider": ^2.1.6
    "@smithy/shared-ini-file-loader": ^2.2.5
    "@smithy/types": ^2.6.0
    "@smithy/url-parser": ^2.0.14
    "@smithy/util-middleware": ^2.0.7
    tslib: ^2.5.0
  checksum: 4cffa404b5596335019a4a9ba18cf2e9a014a8b9d97bf337e186f562e5a98851148b2a361b42fa9048c3e9b11c839367d418226e2a6be5b8057d11467ee44cc8
  languageName: node
  linkType: hard

"@smithy/middleware-retry@npm:^2.0.20":
  version: 2.0.21
  resolution: "@smithy/middleware-retry@npm:2.0.21"
  dependencies:
    "@smithy/node-config-provider": ^2.1.6
    "@smithy/protocol-http": ^3.0.10
    "@smithy/service-error-classification": ^2.0.7
    "@smithy/types": ^2.6.0
    "@smithy/util-middleware": ^2.0.7
    "@smithy/util-retry": ^2.0.7
    tslib: ^2.5.0
    uuid: ^8.3.2
  checksum: 5e95a9a640a2a3676b1c1b7434eee0b09ac437e9a995790f4eb9f47537d01cd32c224528c4a8e2b0fddc74ea131add97129ccec2362b2d4f110c06ffc3b0ec0d
  languageName: node
  linkType: hard

"@smithy/middleware-serde@npm:^2.0.13, @smithy/middleware-serde@npm:^2.0.14":
  version: 2.0.14
  resolution: "@smithy/middleware-serde@npm:2.0.14"
  dependencies:
    "@smithy/types": ^2.6.0
    tslib: ^2.5.0
  checksum: d03c0d73d9646f4f933e1b7b8336199f5f490a52f26d55f6a6df6e14b64860446887cddaff4bee35933d2155936d83d4818334f2c5e8f6109622f62adc24bb90
  languageName: node
  linkType: hard

"@smithy/middleware-stack@npm:^2.0.7, @smithy/middleware-stack@npm:^2.0.8":
  version: 2.0.8
  resolution: "@smithy/middleware-stack@npm:2.0.8"
  dependencies:
    "@smithy/types": ^2.6.0
    tslib: ^2.5.0
  checksum: b1d32468c67b65a6d5fe7309df26e798f41fe4c014cae5626f3bb5b4d86fe6aa4028980a1cfc9db732591a8dc2e2b41c3fe5764fa9bbbb2d7b61d7dc0b4240dd
  languageName: node
  linkType: hard

"@smithy/node-config-provider@npm:^2.1.5, @smithy/node-config-provider@npm:^2.1.6":
  version: 2.1.6
  resolution: "@smithy/node-config-provider@npm:2.1.6"
  dependencies:
    "@smithy/property-provider": ^2.0.15
    "@smithy/shared-ini-file-loader": ^2.2.5
    "@smithy/types": ^2.6.0
    tslib: ^2.5.0
  checksum: 8592cafae09df25104bac7c914cc881ebd4880191f479a144a3b7581c62c3af9097ef0f8f88b8053efdb674f0faab44e323e7937decc0b15a2cb7dcf1340c286
  languageName: node
  linkType: hard

"@smithy/node-http-handler@npm:^2.1.10, @smithy/node-http-handler@npm:^2.1.9":
  version: 2.1.10
  resolution: "@smithy/node-http-handler@npm:2.1.10"
  dependencies:
    "@smithy/abort-controller": ^2.0.14
    "@smithy/protocol-http": ^3.0.10
    "@smithy/querystring-builder": ^2.0.14
    "@smithy/types": ^2.6.0
    tslib: ^2.5.0
  checksum: b24a3d2ebf87458f92274ba099af05a1a8d933d8df3767ab5d3baf273890c1cfd4be291b06b5323e5119898ba07e88a1f257b8970f7e75fc8944b7071090fa55
  languageName: node
  linkType: hard

"@smithy/property-provider@npm:^2.0.0, @smithy/property-provider@npm:^2.0.15":
  version: 2.0.15
  resolution: "@smithy/property-provider@npm:2.0.15"
  dependencies:
    "@smithy/types": ^2.6.0
    tslib: ^2.5.0
  checksum: 308135f2fac508220d53963db5804c340933cf52a4560df339d0904ab47986fbcfe39098353400fd05a782c82dd3ca6a8611fada59a109d70859d1dbf80e076c
  languageName: node
  linkType: hard

"@smithy/protocol-http@npm:^3.0.10, @smithy/protocol-http@npm:^3.0.9":
  version: 3.0.10
  resolution: "@smithy/protocol-http@npm:3.0.10"
  dependencies:
    "@smithy/types": ^2.6.0
    tslib: ^2.5.0
  checksum: 77bda5c76e00e0fee6a0654d10a0127287402484522dcdcb0eda84a6be196304301a68d263ba27639fb288dbcbb891bfa3efa50a24ea9a9878915a0e1ddc8620
  languageName: node
  linkType: hard

"@smithy/querystring-builder@npm:^2.0.14":
  version: 2.0.14
  resolution: "@smithy/querystring-builder@npm:2.0.14"
  dependencies:
    "@smithy/types": ^2.6.0
    "@smithy/util-uri-escape": ^2.0.0
    tslib: ^2.5.0
  checksum: e1287709055abd016b214e4cede9d976a63aa73aff8f3092db60a0fe7e103f7a1294bdedf39a7bbea4b2bf1b959682cbcf8e078ca0489a8a58b8b5706679b55d
  languageName: node
  linkType: hard

"@smithy/querystring-parser@npm:^2.0.14":
  version: 2.0.14
  resolution: "@smithy/querystring-parser@npm:2.0.14"
  dependencies:
    "@smithy/types": ^2.6.0
    tslib: ^2.5.0
  checksum: 36d2c7763a1c1cc2c943f7967afb53d040d4e2e704a4e659508e2a78e05a0a63c0e2f4f2404ca5dd49004d1743717c8b2c37d0135c015f1eef2b11ac48f2d4ed
  languageName: node
  linkType: hard

"@smithy/service-error-classification@npm:^2.0.7":
  version: 2.0.7
  resolution: "@smithy/service-error-classification@npm:2.0.7"
  dependencies:
    "@smithy/types": ^2.6.0
  checksum: 38ad47e1a80186c610711eff2e60b0b0125d3dae808b2f87281901a4af51bc870b1b7eb95b2e8c2392a7399cad68d263f1698cf11128fcf7fa7e0a21168ad770
  languageName: node
  linkType: hard

"@smithy/shared-ini-file-loader@npm:^2.0.6, @smithy/shared-ini-file-loader@npm:^2.2.5":
  version: 2.2.5
  resolution: "@smithy/shared-ini-file-loader@npm:2.2.5"
  dependencies:
    "@smithy/types": ^2.6.0
    tslib: ^2.5.0
  checksum: 32cae6bdec49d5ca563b08aaef7b189134574e50c1d8a198839158ad1a5b48dda1b9fec16ff4d9cee48add33bfe57feb96d6ae6a95bdeca38cfb57123d948680
  languageName: node
  linkType: hard

"@smithy/signature-v4@npm:^2.0.0":
  version: 2.0.16
  resolution: "@smithy/signature-v4@npm:2.0.16"
  dependencies:
    "@smithy/eventstream-codec": ^2.0.14
    "@smithy/is-array-buffer": ^2.0.0
    "@smithy/types": ^2.6.0
    "@smithy/util-hex-encoding": ^2.0.0
    "@smithy/util-middleware": ^2.0.7
    "@smithy/util-uri-escape": ^2.0.0
    "@smithy/util-utf8": ^2.0.2
    tslib: ^2.5.0
  checksum: 0426f94792e04b64a10ffa0d62c3f7051a17cccb75d6518f791e268c6fc4a720e69055613a468d979af198c7f4024874ef01e878219c5b80e1c7c596aa8d8db0
  languageName: node
  linkType: hard

"@smithy/smithy-client@npm:^2.1.15, @smithy/smithy-client@npm:^2.1.16":
  version: 2.1.16
  resolution: "@smithy/smithy-client@npm:2.1.16"
  dependencies:
    "@smithy/middleware-stack": ^2.0.8
    "@smithy/types": ^2.6.0
    "@smithy/util-stream": ^2.0.21
    tslib: ^2.5.0
  checksum: 6ba472ce63236f01a16276792c5fe6c715a58e3b5ec7b74bf9b7e84eaaa02153f65bdd595981bce3c23c2f97b0306dc633713565bcb744292cc40cc118543aa5
  languageName: node
  linkType: hard

"@smithy/types@npm:^2.5.0, @smithy/types@npm:^2.6.0":
  version: 2.6.0
  resolution: "@smithy/types@npm:2.6.0"
  dependencies:
    tslib: ^2.5.0
  checksum: 9233d1e6e414a8b807f9fe7a7c30064626f77b0242d8634b9b1c192f77b27a997a3caf90ecf7f4361d5926c9e9cc761991eecfb47bbfa6ce2be21c5533a3bea6
  languageName: node
  linkType: hard

"@smithy/url-parser@npm:^2.0.13, @smithy/url-parser@npm:^2.0.14":
  version: 2.0.14
  resolution: "@smithy/url-parser@npm:2.0.14"
  dependencies:
    "@smithy/querystring-parser": ^2.0.14
    "@smithy/types": ^2.6.0
    tslib: ^2.5.0
  checksum: 84ba32e53f5a78afd9ab26f5476d387b7d05d93a9e58860198d8dee0e73d116c0a781a1ef1f57820c0d711f4ee25b4e8a7515aca8d461ec6be8715e1f4c00417
  languageName: node
  linkType: hard

"@smithy/util-base64@npm:^2.0.1":
  version: 2.0.1
  resolution: "@smithy/util-base64@npm:2.0.1"
  dependencies:
    "@smithy/util-buffer-from": ^2.0.0
    tslib: ^2.5.0
  checksum: 6320916b50a0f4048462564cbc413e619ee02747e188463721670ce554d0b1652517068a1aa066209101a2185b4f3d13afd0c173aac99c461ca685a1fa15f934
  languageName: node
  linkType: hard

"@smithy/util-body-length-browser@npm:^2.0.0":
  version: 2.0.0
  resolution: "@smithy/util-body-length-browser@npm:2.0.0"
  dependencies:
    tslib: ^2.5.0
  checksum: 4bccdd857bd24c9dcb6e9f2d5be03d59415f9a94d660ec7b3efb45e9aa04017f34c387368f176f24233a071af3b7a2b5f8236a2f5a83bfc884d24dfcc341e836
  languageName: node
  linkType: hard

"@smithy/util-body-length-node@npm:^2.1.0":
  version: 2.1.0
  resolution: "@smithy/util-body-length-node@npm:2.1.0"
  dependencies:
    tslib: ^2.5.0
  checksum: e4635251898f12e1825f2848e0b7cc9d01ec6635b3f1f71b790734bb702b88e795f6c539d42d95472dad00e50e9ff13fcf396791092b131e5834069cb8f52ed0
  languageName: node
  linkType: hard

"@smithy/util-buffer-from@npm:^2.0.0":
  version: 2.0.0
  resolution: "@smithy/util-buffer-from@npm:2.0.0"
  dependencies:
    "@smithy/is-array-buffer": ^2.0.0
    tslib: ^2.5.0
  checksum: d33cbf3e488d23390c88705ddae71b08de7a87b6453e38b508cd37a22a02e8b5be9f0cd46c1347b496c3977a815a7399b18840544ecdc4cce8cf3dcd0f5bb009
  languageName: node
  linkType: hard

"@smithy/util-config-provider@npm:^2.0.0":
  version: 2.0.0
  resolution: "@smithy/util-config-provider@npm:2.0.0"
  dependencies:
    tslib: ^2.5.0
  checksum: cdc34db5b42658a7c98652ddb2e35b31e0d76f22a051d71724927999a53467fb38fe6dcf228585544bc168cbd54ded3913e14cbc33c947d3c8a45ca518a9b7b0
  languageName: node
  linkType: hard

"@smithy/util-defaults-mode-browser@npm:^2.0.19":
  version: 2.0.20
  resolution: "@smithy/util-defaults-mode-browser@npm:2.0.20"
  dependencies:
    "@smithy/property-provider": ^2.0.15
    "@smithy/smithy-client": ^2.1.16
    "@smithy/types": ^2.6.0
    bowser: ^2.11.0
    tslib: ^2.5.0
  checksum: db8f7d5b234a5d3dfc2e6d6c54c26170590c2752b07e5e2a2e4b70e40d2e14252fb0072c0f7f935383860e521e35e4915dde47f6d9d93703c7db31ec3889a123
  languageName: node
  linkType: hard

"@smithy/util-defaults-mode-node@npm:^2.0.25":
  version: 2.0.26
  resolution: "@smithy/util-defaults-mode-node@npm:2.0.26"
  dependencies:
    "@smithy/config-resolver": ^2.0.19
    "@smithy/credential-provider-imds": ^2.1.2
    "@smithy/node-config-provider": ^2.1.6
    "@smithy/property-provider": ^2.0.15
    "@smithy/smithy-client": ^2.1.16
    "@smithy/types": ^2.6.0
    tslib: ^2.5.0
  checksum: 870a453033f120df7437c9e3a121e01657d90909fe3d25a437df84994bb1b8c69c395df92dc90edbc40a3c24d4dd6538ccf782700417c0159713756e027b7f65
  languageName: node
  linkType: hard

"@smithy/util-endpoints@npm:^1.0.4":
  version: 1.0.5
  resolution: "@smithy/util-endpoints@npm:1.0.5"
  dependencies:
    "@smithy/node-config-provider": ^2.1.6
    "@smithy/types": ^2.6.0
    tslib: ^2.5.0
  checksum: 98c508b0afaa57ed465910fd28dee990c2bdf79a0e187095c63d5df75f29a577f79466d7540f30f3437c9ace98894524090f9563a27ab015c7698e79e57a4b5c
  languageName: node
  linkType: hard

"@smithy/util-hex-encoding@npm:^2.0.0":
  version: 2.0.0
  resolution: "@smithy/util-hex-encoding@npm:2.0.0"
  dependencies:
    tslib: ^2.5.0
  checksum: 884373e089d909e3c9805bdb78f367d1f3612e4e1e6d8f0263cc82a8b9689eddc0bc80b8b58aa711bd5b48d9cb124f9996906c172e951c9dac78984459e831cf
  languageName: node
  linkType: hard

"@smithy/util-middleware@npm:^2.0.6, @smithy/util-middleware@npm:^2.0.7":
  version: 2.0.7
  resolution: "@smithy/util-middleware@npm:2.0.7"
  dependencies:
    "@smithy/types": ^2.6.0
    tslib: ^2.5.0
  checksum: 99e116a5d52a7204467d2211a44dc5662305d0a26f1b9b0e091291da3cb4bfa2bf249667831b36402d42da61f12e82b4a3b18267d41e1753fa51370bc8ed66f3
  languageName: node
  linkType: hard

"@smithy/util-retry@npm:^2.0.6, @smithy/util-retry@npm:^2.0.7":
  version: 2.0.7
  resolution: "@smithy/util-retry@npm:2.0.7"
  dependencies:
    "@smithy/service-error-classification": ^2.0.7
    "@smithy/types": ^2.6.0
    tslib: ^2.5.0
  checksum: 26194827ec63ec1952fbe1bd73e6bee6ca9ca415151d75dbafc61eaa2f6f04bfcb01962561f538369dab5faa65bd0c27ad4e124c76d63b846346d227f81a4efd
  languageName: node
  linkType: hard

"@smithy/util-stream@npm:^2.0.21":
  version: 2.0.21
  resolution: "@smithy/util-stream@npm:2.0.21"
  dependencies:
    "@smithy/fetch-http-handler": ^2.2.7
    "@smithy/node-http-handler": ^2.1.10
    "@smithy/types": ^2.6.0
    "@smithy/util-base64": ^2.0.1
    "@smithy/util-buffer-from": ^2.0.0
    "@smithy/util-hex-encoding": ^2.0.0
    "@smithy/util-utf8": ^2.0.2
    tslib: ^2.5.0
  checksum: a61f3f63bc77901040e202c2d8b36aba775213323e8266476256af0506c8c6e78c5d9cbeb63334bddcee2786424edd27600e2bcaa302615e1ede29f3842882eb
  languageName: node
  linkType: hard

"@smithy/util-uri-escape@npm:^2.0.0":
  version: 2.0.0
  resolution: "@smithy/util-uri-escape@npm:2.0.0"
  dependencies:
    tslib: ^2.5.0
  checksum: d201cee524ece997c406902463b5ea0b72599994f7b3ac1d923d5645497e9ef93126d146016f13dd4afafe33b9a3e92faf4e023cf0af510b270c1b9ce3d78da8
  languageName: node
  linkType: hard

"@smithy/util-utf8@npm:^2.0.2":
  version: 2.0.2
  resolution: "@smithy/util-utf8@npm:2.0.2"
  dependencies:
    "@smithy/util-buffer-from": ^2.0.0
    tslib: ^2.5.0
  checksum: e38fd6324ca2858f76fb6fce427c03faec599213acf95a5b18eb77b72cdf9327bd688e5a260dbccc0f512ea5426422ed200122a9542c00b14a6d9becc3f84c79
  languageName: node
  linkType: hard

"@smithy/util-waiter@npm:^2.0.13":
  version: 2.0.14
  resolution: "@smithy/util-waiter@npm:2.0.14"
  dependencies:
    "@smithy/abort-controller": ^2.0.14
    "@smithy/types": ^2.6.0
    tslib: ^2.5.0
  checksum: c0a59a3a6ed8b6f8c00a82940406ab9a95f4d52aaf5e4c1c9ec73df402f6c8c189d6833bf79ef5b99dccc501e24c91755f20a75822bb17374db8b02c5dafdcb3
  languageName: node
  linkType: hard

"aws-crud@workspace:.":
  version: 0.0.0-use.local
  resolution: "aws-crud@workspace:."
  dependencies:
    "@aws-sdk/client-dynamodb": ^3.460.0
    "@aws-sdk/util-dynamodb": ^3.460.0
    serverless-iam-roles-per-function: ^3.2.0
  languageName: unknown
  linkType: soft

"bowser@npm:^2.11.0":
  version: 2.11.0
  resolution: "bowser@npm:2.11.0"
  checksum: 29c3f01f22e703fa6644fc3b684307442df4240b6e10f6cfe1b61c6ca5721073189ca97cdeedb376081148c8518e33b1d818a57f781d70b0b70e1f31fb48814f
  languageName: node
  linkType: hard

"fast-xml-parser@npm:4.2.5":
  version: 4.2.5
  resolution: "fast-xml-parser@npm:4.2.5"
  dependencies:
    strnum: ^1.0.5
  bin:
    fxparser: src/cli/cli.js
  checksum: d32b22005504eeb207249bf40dc82d0994b5bb9ca9dcc731d335a1f425e47fe085b3cace3cf9d32172dd1a5544193c49e8615ca95b4bf95a4a4920a226b06d80
  languageName: node
  linkType: hard

"lodash@npm:^4.17.20":
  version: 4.17.21
  resolution: "lodash@npm:4.17.21"
  checksum: eb835a2e51d381e561e508ce932ea50a8e5a68f4ebdd771ea240d3048244a8d13658acbd502cd4829768c56f2e16bdd4340b9ea141297d472517b83868e677f7
  languageName: node
  linkType: hard

"mnemonist@npm:0.38.3":
  version: 0.38.3
  resolution: "mnemonist@npm:0.38.3"
  dependencies:
    obliterator: ^1.6.1
  checksum: 894237fc6fd71ec0056eb4a20d9b16dbcd3d77620098dcd3888bdfe3d7a6c9b94355f480aba61a277a16e63c0b99c43f517c0bb283033f982e24b9fcae797447
  languageName: node
  linkType: hard

"obliterator@npm:^1.6.1":
  version: 1.6.1
  resolution: "obliterator@npm:1.6.1"
  checksum: 12412ce97bc9680a50ec1e865c9f106f924497f0b73c01947031079da7c9a0f5212f3a1aeea3227f7771ed4a273e42b2a2e6ff93578301c8117dbb3135770133
  languageName: node
  linkType: hard

"serverless-iam-roles-per-function@npm:^3.2.0":
  version: 3.2.0
  resolution: "serverless-iam-roles-per-function@npm:3.2.0"
  dependencies:
    lodash: ^4.17.20
  checksum: e1bd7b74be8913922263e0ba205061af6a3e5e4579de65870f21dc17a9c3d3a4f2ba4bf12d99f1af9ee82d1051b25c3477a6f6225219a97da4a0bfc47ca2787a
  languageName: node
  linkType: hard

"strnum@npm:^1.0.5":
  version: 1.0.5
  resolution: "strnum@npm:1.0.5"
  checksum: 651b2031db5da1bf4a77fdd2f116a8ac8055157c5420f5569f64879133825915ad461513e7202a16d7fec63c54fd822410d0962f8ca12385c4334891b9ae6dd2
  languageName: node
  linkType: hard

"tslib@npm:^1.11.1":
  version: 1.14.1
  resolution: "tslib@npm:1.14.1"
  checksum: dbe628ef87f66691d5d2959b3e41b9ca0045c3ee3c7c7b906cc1e328b39f199bb1ad9e671c39025bd56122ac57dfbf7385a94843b1cc07c60a4db74795829acd
  languageName: node
  linkType: hard

"tslib@npm:^2.3.1, tslib@npm:^2.5.0":
  version: 2.6.2
  resolution: "tslib@npm:2.6.2"
  checksum: 329ea56123005922f39642318e3d1f0f8265d1e7fcb92c633e0809521da75eeaca28d2cf96d7248229deb40e5c19adf408259f4b9640afd20d13aecc1430f3ad
  languageName: node
  linkType: hard

"uuid@npm:^8.3.2":
  version: 8.3.2
  resolution: "uuid@npm:8.3.2"
  bin:
    uuid: dist/bin/uuid
  checksum: 5575a8a75c13120e2f10e6ddc801b2c7ed7d8f3c8ac22c7ed0c7b2ba6383ec0abda88c905085d630e251719e0777045ae3236f04c812184b7c765f63a70e58df
  languageName: node
  linkType: hard
